
Microsoft Visual Studio Solution File, Format Version 12.00
# Visual Studio Version 17
VisualStudioVersion = 17.2.32602.215
MinimumVisualStudioVersion = 10.0.40219.1
Project("{FAE04EC0-301F-11D3-BF4B-00C04F79EFBC}") = "GameEngine.Lib", "Src\GameEngine.Lib\GameEngine.Lib.csproj", "{62C73466-64E9-4BB2-A97E-F71F94BA675E}"
EndProject
Global
	GlobalSection(SolutionConfigurationPlatforms) = preSolution
		Debug|Any CPU = Debug|Any CPU
		Release|Any CPU = Release|Any CPU
	EndGlobalSection
	GlobalSection(ProjectConfigurationPlatforms) = postSolution
		{62C73466-64E9-4BB2-A97E-F71F94BA675E}.Debug|Any CPU.ActiveCfg = Debug|Any CPU
		{62C73466-64E9-4BB2-A97E-F71F94BA675E}.Debug|Any CPU.Build.0 = Debug|Any CPU
		{62C73466-64E9-4BB2-A97E-F71F94BA675E}.Release|Any CPU.ActiveCfg = Release|Any CPU
		{62C73466-64E9-4BB2-A97E-F71F94BA675E}.Release|Any CPU.Build.0 = Release|Any CPU
	EndGlobalSection
	GlobalSection(SolutionProperties) = preSolution
		HideSolutionNode = FALSE
	EndGlobalSection
	GlobalSection(ExtensibilityGlobals) = postSolution
		SolutionGuid = {572B7B68-B695-4062-82A3-BF6FA5C6A7D8}
	EndGlobalSection
EndGlobal
